
Microsoft Visual Studio Solution File, Format Version 12.00
# Visual Studio Version 16
VisualStudioVersion = 16.0.31112.23
MinimumVisualStudioVersion = 10.0.40219.1
Project("{FAE04EC0-301F-11D3-BF4B-00C04F79EFBC}") = "puissance_4", "puissance_4\puissance_4.csproj", "{899C1A21-BED4-4444-B2C5-176E9DA46A87}"
EndProject
Global
	GlobalSection(SolutionConfigurationPlatforms) = preSolution
		Debug|Any CPU = Debug|Any CPU
		Release|Any CPU = Release|Any CPU
	EndGlobalSection
	GlobalSection(ProjectConfigurationPlatforms) = postSolution
		{899C1A21-BED4-4444-B2C5-176E9DA46A87}.Debug|Any CPU.ActiveCfg = Debug|Any CPU
		{899C1A21-BED4-4444-B2C5-176E9DA46A87}.Debug|Any CPU.Build.0 = Debug|Any CPU
		{899C1A21-BED4-4444-B2C5-176E9DA46A87}.Release|Any CPU.ActiveCfg = Release|Any CPU
		{899C1A21-BED4-4444-B2C5-176E9DA46A87}.Release|Any CPU.Build.0 = Release|Any CPU
	EndGlobalSection
	GlobalSection(SolutionProperties) = preSolution
		HideSolutionNode = FALSE
	EndGlobalSection
	GlobalSection(ExtensibilityGlobals) = postSolution
		SolutionGuid = {14E1A954-FD11-43A6-B3D3-5EA4E4307D49}
	EndGlobalSection
EndGlobal
